
Microsoft Visual Studio Solution File, Format Version 12.00
# Visual Studio Version 17
VisualStudioVersion = 17.4.33110.190
MinimumVisualStudioVersion = 10.0.40219.1
Project("{FAE04EC0-301F-11D3-BF4B-00C04F79EFBC}") = "CyberPoint", "CyberPoint\CyberPoint.csproj", "{4F666F99-E7F4-47C1-B0B6-F1DD20702F32}"
EndProject
Global
	GlobalSection(SolutionConfigurationPlatforms) = preSolution
		Debug|Any CPU = Debug|Any CPU
		Release|Any CPU = Release|Any CPU
	EndGlobalSection
	GlobalSection(ProjectConfigurationPlatforms) = postSolution
		{4F666F99-E7F4-47C1-B0B6-F1DD20702F32}.Debug|Any CPU.ActiveCfg = Debug|Any CPU
		{4F666F99-E7F4-47C1-B0B6-F1DD20702F32}.Debug|Any CPU.Build.0 = Debug|Any CPU
		{4F666F99-E7F4-47C1-B0B6-F1DD20702F32}.Release|Any CPU.ActiveCfg = Release|Any CPU
		{4F666F99-E7F4-47C1-B0B6-F1DD20702F32}.Release|Any CPU.Build.0 = Release|Any CPU
	EndGlobalSection
	GlobalSection(SolutionProperties) = preSolution
		HideSolutionNode = FALSE
	EndGlobalSection
	GlobalSection(ExtensibilityGlobals) = postSolution
		SolutionGuid = {924E58D1-45A9-4EEE-9B16-273BB60F971D}
	EndGlobalSection
EndGlobal
